
Microsoft Visual Studio Solution File, Format Version 12.00
# Visual Studio Version 16
VisualStudioVersion = 16.0.28922.388
MinimumVisualStudioVersion = 10.0.40219.1
Project("{9A19103F-16F7-4668-BE54-9A1E7A4F7556}") = "InfoSec_Lab2_Backend_API", "InfoSec_Lab2_Backend_API\InfoSec_Lab2_Backend_API.csproj", "{C74A2194-8F06-43F7-9570-938F2600CF6F}"
EndProject
Global
	GlobalSection(SolutionConfigurationPlatforms) = preSolution
		Debug|Any CPU = Debug|Any CPU
		Release|Any CPU = Release|Any CPU
	EndGlobalSection
	GlobalSection(ProjectConfigurationPlatforms) = postSolution
		{C74A2194-8F06-43F7-9570-938F2600CF6F}.Debug|Any CPU.ActiveCfg = Debug|Any CPU
		{C74A2194-8F06-43F7-9570-938F2600CF6F}.Debug|Any CPU.Build.0 = Debug|Any CPU
		{C74A2194-8F06-43F7-9570-938F2600CF6F}.Release|Any CPU.ActiveCfg = Release|Any CPU
		{C74A2194-8F06-43F7-9570-938F2600CF6F}.Release|Any CPU.Build.0 = Release|Any CPU
	EndGlobalSection
	GlobalSection(SolutionProperties) = preSolution
		HideSolutionNode = FALSE
	EndGlobalSection
	GlobalSection(ExtensibilityGlobals) = postSolution
		SolutionGuid = {74E11C6D-D3E3-4EEF-87D1-4C4801609834}
	EndGlobalSection
EndGlobal
